
Microsoft Visual Studio Solution File, Format Version 12.00
# Visual Studio Version 17
VisualStudioVersion = 17.11.35222.181
MinimumVisualStudioVersion = 10.0.40219.1
Project("{9A19103F-16F7-4668-BE54-9A1E7A4F7556}") = "Casino", "Casino\Casino.csproj", "{4DBE5C0E-2C86-4F6A-8A3D-CAA27CA3DED1}"
EndProject
Project("{9A19103F-16F7-4668-BE54-9A1E7A4F7556}") = "Casino.DataAccess", "Casino.DataAccess\Casino.DataAccess.csproj", "{F073C5F5-1C6D-481A-9743-D09EFF4A3C8D}"
EndProject
Global
	GlobalSection(SolutionConfigurationPlatforms) = preSolution
		Debug|Any CPU = Debug|Any CPU
		Release|Any CPU = Release|Any CPU
	EndGlobalSection
	GlobalSection(ProjectConfigurationPlatforms) = postSolution
		{4DBE5C0E-2C86-4F6A-8A3D-CAA27CA3DED1}.Debug|Any CPU.ActiveCfg = Debug|Any CPU
		{4DBE5C0E-2C86-4F6A-8A3D-CAA27CA3DED1}.Debug|Any CPU.Build.0 = Debug|Any CPU
		{4DBE5C0E-2C86-4F6A-8A3D-CAA27CA3DED1}.Release|Any CPU.ActiveCfg = Release|Any CPU
		{4DBE5C0E-2C86-4F6A-8A3D-CAA27CA3DED1}.Release|Any CPU.Build.0 = Release|Any CPU
		{F073C5F5-1C6D-481A-9743-D09EFF4A3C8D}.Debug|Any CPU.ActiveCfg = Debug|Any CPU
		{F073C5F5-1C6D-481A-9743-D09EFF4A3C8D}.Debug|Any CPU.Build.0 = Debug|Any CPU
		{F073C5F5-1C6D-481A-9743-D09EFF4A3C8D}.Release|Any CPU.ActiveCfg = Release|Any CPU
		{F073C5F5-1C6D-481A-9743-D09EFF4A3C8D}.Release|Any CPU.Build.0 = Release|Any CPU
	EndGlobalSection
	GlobalSection(SolutionProperties) = preSolution
		HideSolutionNode = FALSE
	EndGlobalSection
	GlobalSection(ExtensibilityGlobals) = postSolution
		SolutionGuid = {016C421C-EC60-4263-99AF-206537FCFA53}
	EndGlobalSection
EndGlobal
